{
  "name": "voyd_examples",
  "version": "1.0.0",
  "lockfileVersion": 3,
  "requires": true,
  "packages": {
    "": {
      "name": "voyd_examples",
      "version": "1.0.0",
      "license": "ISC",
      "devDependencies": {
        "@voyd/cli": "file:../voyd/apps/cli"
      }
    },
    "../voyd/apps/cli": {
      "name": "@voyd/cli",
      "version": "0.9.0",
      "dev": true,
      "dependencies": {
        "@voyd/lib": "*",
        "@voyd/sdk": "*",
        "@voyd/std": "*",
        "binaryen": "^125.0.0",
        "commander": "^14.0.0"
      },
      "bin": {
        "voyd": "bin/voyd.js",
        "vt": "src/cli-dev.ts"
      }
    },
    "node_modules/@voyd/cli": {
      "resolved": "../voyd/apps/cli",
      "link": true
    }
  }
}
